
Microsoft Visual Studio Solution File, Format Version 12.00
# Visual Studio 15
VisualStudioVersion = 15.0.28307.779
MinimumVisualStudioVersion = 10.0.40219.1
Project("{FAE04EC0-301F-11D3-BF4B-00C04F79EFBC}") = "ColonistBarHiding-RW1.0", "ColonistBarHiding-RW1.0\ColonistBarHiding-RW1.0.csproj", "{9D724233-2D54-4F7B-A585-4EABA27755E1}"
EndProject
Project("{FAE04EC0-301F-11D3-BF4B-00C04F79EFBC}") = "ColonistBarHiding-RW1.1", "ColonistBarHiding-RW1.1\ColonistBarHiding-RW1.1.csproj", "{7BFB564C-ADFB-47B0-A238-2163E718FAEE}"
EndProject
Global
	GlobalSection(SolutionConfigurationPlatforms) = preSolution
		Debug|Any CPU = Debug|Any CPU
		Release|Any CPU = Release|Any CPU
	EndGlobalSection
	GlobalSection(ProjectConfigurationPlatforms) = postSolution
		{9D724233-2D54-4F7B-A585-4EABA27755E1}.Debug|Any CPU.ActiveCfg = Debug|Any CPU
		{9D724233-2D54-4F7B-A585-4EABA27755E1}.Debug|Any CPU.Build.0 = Debug|Any CPU
		{9D724233-2D54-4F7B-A585-4EABA27755E1}.Release|Any CPU.ActiveCfg = Release|Any CPU
		{9D724233-2D54-4F7B-A585-4EABA27755E1}.Release|Any CPU.Build.0 = Release|Any CPU
		{7BFB564C-ADFB-47B0-A238-2163E718FAEE}.Debug|Any CPU.ActiveCfg = Debug|Any CPU
		{7BFB564C-ADFB-47B0-A238-2163E718FAEE}.Debug|Any CPU.Build.0 = Debug|Any CPU
		{7BFB564C-ADFB-47B0-A238-2163E718FAEE}.Release|Any CPU.ActiveCfg = Release|Any CPU
		{7BFB564C-ADFB-47B0-A238-2163E718FAEE}.Release|Any CPU.Build.0 = Release|Any CPU
	EndGlobalSection
	GlobalSection(SolutionProperties) = preSolution
		HideSolutionNode = FALSE
	EndGlobalSection
	GlobalSection(ExtensibilityGlobals) = postSolution
		SolutionGuid = {B6B062D3-5935-4EFD-84F2-D0CB271C7B43}
	EndGlobalSection
EndGlobal
